
Microsoft Visual Studio Solution File, Format Version 12.00
# Visual Studio 15
VisualStudioVersion = 15.0.27130.2027
MinimumVisualStudioVersion = 10.0.40219.1
Project("{FAE04EC0-301F-11D3-BF4B-00C04F79EFBC}") = "HelloWorld", "HelloWorld\HelloWorld.csproj", "{376FF8E6-572C-4BC0-9DDF-DF11C58BB96B}"
EndProject
Global
	GlobalSection(SolutionConfigurationPlatforms) = preSolution
		Debug|Any CPU = Debug|Any CPU
		Release|Any CPU = Release|Any CPU
	EndGlobalSection
	GlobalSection(ProjectConfigurationPlatforms) = postSolution
		{376FF8E6-572C-4BC0-9DDF-DF11C58BB96B}.Debug|Any CPU.ActiveCfg = Debug|Any CPU
		{376FF8E6-572C-4BC0-9DDF-DF11C58BB96B}.Debug|Any CPU.Build.0 = Debug|Any CPU
		{376FF8E6-572C-4BC0-9DDF-DF11C58BB96B}.Release|Any CPU.ActiveCfg = Release|Any CPU
		{376FF8E6-572C-4BC0-9DDF-DF11C58BB96B}.Release|Any CPU.Build.0 = Release|Any CPU
	EndGlobalSection
	GlobalSection(SolutionProperties) = preSolution
		HideSolutionNode = FALSE
	EndGlobalSection
	GlobalSection(ExtensibilityGlobals) = postSolution
		SolutionGuid = {C2E9CC88-0A71-4391-B546-5E87C7EA6817}
	EndGlobalSection
EndGlobal
